
Microsoft Visual Studio Solution File, Format Version 12.00
# Visual Studio 15
VisualStudioVersion = 15.0.27130.2010
MinimumVisualStudioVersion = 10.0.40219.1
Project("{888888A0-9F3D-457C-B088-3A5042F75D52}") = "Mazes", "Mazes\Mazes.pyproj", "{1A34E753-EE90-415D-8D75-31B5C63D4C75}"
EndProject
Global
	GlobalSection(SolutionConfigurationPlatforms) = preSolution
		Debug|Any CPU = Debug|Any CPU
		Release|Any CPU = Release|Any CPU
	EndGlobalSection
	GlobalSection(ProjectConfigurationPlatforms) = postSolution
		{1A34E753-EE90-415D-8D75-31B5C63D4C75}.Debug|Any CPU.ActiveCfg = Debug|Any CPU
		{1A34E753-EE90-415D-8D75-31B5C63D4C75}.Release|Any CPU.ActiveCfg = Release|Any CPU
	EndGlobalSection
	GlobalSection(SolutionProperties) = preSolution
		HideSolutionNode = FALSE
	EndGlobalSection
	GlobalSection(ExtensibilityGlobals) = postSolution
		SolutionGuid = {1244F509-99CA-47DF-B7F0-28642E5B0068}
	EndGlobalSection
EndGlobal
